
Microsoft Visual Studio Solution File, Format Version 12.00
# Visual Studio Version 16
VisualStudioVersion = 16.0.31729.503
MinimumVisualStudioVersion = 10.0.40219.1
Project("{FAE04EC0-301F-11D3-BF4B-00C04F79EFBC}") = "ÖğrenciEtütDersKayitProjesi", "ÖğrenciEtütDersKayitProjesi\ÖğrenciEtütDersKayitProjesi.csproj", "{50BBA6FB-CD9D-4BFD-A446-8E9335FCC840}"
EndProject
Global
	GlobalSection(SolutionConfigurationPlatforms) = preSolution
		Debug|Any CPU = Debug|Any CPU
		Release|Any CPU = Release|Any CPU
	EndGlobalSection
	GlobalSection(ProjectConfigurationPlatforms) = postSolution
		{50BBA6FB-CD9D-4BFD-A446-8E9335FCC840}.Debug|Any CPU.ActiveCfg = Debug|Any CPU
		{50BBA6FB-CD9D-4BFD-A446-8E9335FCC840}.Debug|Any CPU.Build.0 = Debug|Any CPU
		{50BBA6FB-CD9D-4BFD-A446-8E9335FCC840}.Release|Any CPU.ActiveCfg = Release|Any CPU
		{50BBA6FB-CD9D-4BFD-A446-8E9335FCC840}.Release|Any CPU.Build.0 = Release|Any CPU
	EndGlobalSection
	GlobalSection(SolutionProperties) = preSolution
		HideSolutionNode = FALSE
	EndGlobalSection
	GlobalSection(ExtensibilityGlobals) = postSolution
		SolutionGuid = {8D27179D-57F6-41DC-9C99-62D1C37C0812}
	EndGlobalSection
EndGlobal
